Microsoft Visual Studio Solution File, Format Version 12.00
# Visual Studio Version 17
VisualStudioVersion = 17.10.34928.147
MinimumVisualStudioVersion = 10.0.40219.1
Project("{FAE04EC0-301F-11D3-BF4B-00C04F79EFBC}") = "TFP.HolidaySearchRecommendation.Application", "src\TFP.HolidaySearchRecommendation.Application\TFP.HolidaySearchRecommendation.Application.csproj", "{F3881E18-BEAB-44D0-9168-7498ED6FC0DC}"
EndProject
Project("{FAE04EC0-301F-11D3-BF4B-00C04F79EFBC}") = "TFP.HolidaySearchRecommendation.Common", "src\TFP.HolidaySearchRecommendation.Common\TFP.HolidaySearchRecommendation.Common.csproj", "{5988A726-2B59-4827-BC0F-DF6137A7407E}"
EndProject
Project("{FAE04EC0-301F-11D3-BF4B-00C04F79EFBC}") = "TFP.HolidaySearchRecommendation.Domain", "src\TFP.HolidaySearchRecommendation.Domain\TFP.HolidaySearchRecommendation.Domain.csproj", "{BC834E2A-8BAE-4386-B09A-83E1D67A7AC4}"
EndProject
Project("{FAE04EC0-301F-11D3-BF4B-00C04F79EFBC}") = "TFP.HolidaySearchRecommendation.Infrastructure", "src\TFP.HolidaySearchRecommendation.Infrastructure\TFP.HolidaySearchRecommendation.Infrastructure.csproj", "{777F7A1C-5A11-4407-8B64-85C10BDC1550}"
EndProject
Global
	GlobalSection(SolutionConfigurationPlatforms) = preSolution
		Debug|Any CPU = Debug|Any CPU
		Release|Any CPU = Release|Any CPU
	EndGlobalSection
	GlobalSection(ProjectConfigurationPlatforms) = postSolution
		{F3881E18-BEAB-44D0-9168-7498ED6FC0DC}.Debug|Any CPU.ActiveCfg = Debug|Any CPU
		{F3881E18-BEAB-44D0-9168-7498ED6FC0DC}.Debug|Any CPU.Build.0 = Debug|Any CPU
		{F3881E18-BEAB-44D0-9168-7498ED6FC0DC}.Release|Any CPU.ActiveCfg = Release|Any CPU
		{F3881E18-BEAB-44D0-9168-7498ED6FC0DC}.Release|Any CPU.Build.0 = Release|Any CPU
		{5988A726-2B59-4827-BC0F-DF6137A7407E}.Debug|Any CPU.ActiveCfg = Debug|Any CPU
		{5988A726-2B59-4827-BC0F-DF6137A7407E}.Debug|Any CPU.Build.0 = Debug|Any CPU
		{5988A726-2B59-4827-BC0F-DF6137A7407E}.Release|Any CPU.ActiveCfg = Release|Any CPU
		{5988A726-2B59-4827-BC0F-DF6137A7407E}.Release|Any CPU.Build.0 = Release|Any CPU
		{BC834E2A-8BAE-4386-B09A-83E1D67A7AC4}.Debug|Any CPU.ActiveCfg = Debug|Any CPU
		{BC834E2A-8BAE-4386-B09A-83E1D67A7AC4}.Debug|Any CPU.Build.0 = Debug|Any CPU
		{BC834E2A-8BAE-4386-B09A-83E1D67A7AC4}.Release|Any CPU.ActiveCfg = Release|Any CPU
		{BC834E2A-8BAE-4386-B09A-83E1D67A7AC4}.Release|Any CPU.Build.0 = Release|Any CPU
		{777F7A1C-5A11-4407-8B64-85C10BDC1550}.Debug|Any CPU.ActiveCfg = Debug|Any CPU
		{777F7A1C-5A11-4407-8B64-85C10BDC1550}.Debug|Any CPU.Build.0 = Debug|Any CPU
		{777F7A1C-5A11-4407-8B64-85C10BDC1550}.Release|Any CPU.ActiveCfg = Release|Any CPU
		{777F7A1C-5A11-4407-8B64-85C10BDC1550}.Release|Any CPU.Build.0 = Release|Any CPU
	EndGlobalSection
	GlobalSection(SolutionProperties) = preSolution
		HideSolutionNode = FALSE
	EndGlobalSection
	GlobalSection(ExtensibilityGlobals) = postSolution
		SolutionGuid = {8178F8E2-1611-494E-ABC2-DA2AD6AEF4A6}
	EndGlobalSection
EndGlobal
